
Microsoft Visual Studio Solution File, Format Version 12.00
# Visual Studio Version 16
VisualStudioVersion = 16.0.31613.86
MinimumVisualStudioVersion = 10.0.40219.1
Project("{FAE04EC0-301F-11D3-BF4B-00C04F79EFBC}") = "rituwebapp1", "rituwebapp1\rituwebapp1.csproj", "{5CD63113-5006-436D-AFD3-78EE34EE9C16}"
EndProject
Global
	GlobalSection(SolutionConfigurationPlatforms) = preSolution
		Debug|Any CPU = Debug|Any CPU
		Release|Any CPU = Release|Any CPU
	EndGlobalSection
	GlobalSection(ProjectConfigurationPlatforms) = postSolution
		{5CD63113-5006-436D-AFD3-78EE34EE9C16}.Debug|Any CPU.ActiveCfg = Debug|Any CPU
		{5CD63113-5006-436D-AFD3-78EE34EE9C16}.Debug|Any CPU.Build.0 = Debug|Any CPU
		{5CD63113-5006-436D-AFD3-78EE34EE9C16}.Release|Any CPU.ActiveCfg = Release|Any CPU
		{5CD63113-5006-436D-AFD3-78EE34EE9C16}.Release|Any CPU.Build.0 = Release|Any CPU
	EndGlobalSection
	GlobalSection(SolutionProperties) = preSolution
		HideSolutionNode = FALSE
	EndGlobalSection
	GlobalSection(ExtensibilityGlobals) = postSolution
		SolutionGuid = {B4B5E328-71CE-4FF2-9663-048488BC6268}
	EndGlobalSection
EndGlobal
